// !$*UTF8*$!
{
	archiveVersion = 1;
	classes = {
	};
	objectVersion = 56;
	objects = {

/* Begin PBXBuildFile section */
		1C35F13A2F55F2AE005FDBCD /* AppBackgroundModifier.swift in Sources */ = {isa = PBXBuildFile; fileRef = 1C35F1392F55F2AE005FDBCD /* AppBackgroundModifier.swift */; };
		1C35F13C2F5898FE005FDBCD /* StatisticsView.swift in Sources */ = {isa = PBXBuildFile; fileRef = 1C35F13B2F5898FE005FDBCD /* StatisticsView.swift */; };
		1C35F13E2F58991B005FDBCD /* SettingsView.swift in Sources */ = {isa = PBXBuildFile; fileRef = 1C35F13D2F58991B005FDBCD /* SettingsView.swift */; };
		1C35F1402F59E6CD005FDBCD /* ChatGPT Image 2 de mar. de 2026, 13_27_35.png in Resources */ = {isa = PBXBuildFile; fileRef = 1C35F13F2F59E6CD005FDBCD /* ChatGPT Image 2 de mar. de 2026, 13_27_35.png */; };
		5F5FF54F2F0DD5BD00193DFE /* Currency.swift in Sources */ = {isa = PBXBuildFile; fileRef = 5F5FF54E2F0DD5BD00193DFE /* Currency.swift */; };
		5F5FF5512F0DD5EA00193DFE /* BudgetProgressView.swift in Sources */ = {isa = PBXBuildFile; fileRef = 5F5FF5502F0DD5EA00193DFE /* BudgetProgressView.swift */; };
		5F5FF5532F0DDFDA00193DFE /* EditPriceView.swift in Sources */ = {isa = PBXBuildFile; fileRef = 5F5FF5522F0DDFDA00193DFE /* EditPriceView.swift */; };
		5F76FABF2EFB703700C3D85A /* Buy_listApp.swift in Sources */ = {isa = PBXBuildFile; fileRef = 5F76FABE2EFB703700C3D85A /* Buy_listApp.swift */; };
		5F76FAC12EFB703700C3D85A /* ContentView.swift in Sources */ = {isa = PBXBuildFile; fileRef = 5F76FAC02EFB703700C3D85A /* ContentView.swift */; };
		5F76FAC32EFB703B00C3D85A /* Assets.xcassets in Resources */ = {isa = PBXBuildFile; fileRef = 5F76FAC22EFB703B00C3D85A /* Assets.xcassets */; };
		5F76FAC62EFB703B00C3D85A /* Preview Assets.xcassets in Resources */ = {isa = PBXBuildFile; fileRef = 5F76FAC52EFB703B00C3D85A /* Preview Assets.xcassets */; };
		5F76FAD32EFB71B000C3D85A /* ShoppingListViewModel.swift in Sources */ = {isa = PBXBuildFile; fileRef = 5F76FAD22EFB71B000C3D85A /* ShoppingListViewModel.swift */; };
		5F76FAD52EFB71D400C3D85A /* ShoppingList.swift in Sources */ = {isa = PBXBuildFile; fileRef = 5F76FAD42EFB71D400C3D85A /* ShoppingList.swift */; };
		5F76FAD72EFB71E200C3D85A /* Item.swift in Sources */ = {isa = PBXBuildFile; fileRef = 5F76FAD62EFB71E200C3D85A /* Item.swift */; };
		5F76FADE2EFB72EB00C3D85A /* HomeView.swift in Sources */ = {isa = PBXBuildFile; fileRef = 5F76FADD2EFB72EB00C3D85A /* HomeView.swift */; };
		5F76FAE02EFB748800C3D85A /* NewListView.swift in Sources */ = {isa = PBXBuildFile; fileRef = 5F76FADF2EFB748800C3D85A /* NewListView.swift */; };
		5F76FAE22EFB74A300C3D85A /* AddItemView.swift in Sources */ = {isa = PBXBuildFile; fileRef = 5F76FAE12EFB74A300C3D85A /* AddItemView.swift */; };
		5F76FAE42EFB74B800C3D85A /* FinalizeListView.swift in Sources */ = {isa = PBXBuildFile; fileRef = 5F76FAE32EFB74B800C3D85A /* FinalizeListView.swift */; };
		5F76FAE62EFB74CB00C3D85A /* ListDetailView.swift in Sources */ = {isa = PBXBuildFile; fileRef = 5F76FAE52EFB74CB00C3D85A /* ListDetailView.swift */; };
		5FBE017D2F0EFD8200FD4801 /* StorageManager.swift in Sources */ = {isa = PBXBuildFile; fileRef = 5FBE017C2F0EFD8200FD4801 /* StorageManager.swift */; };
/* End PBXBuildFile section */

/* Begin PBXFileReference section */
		1C35F1392F55F2AE005FDBCD /* AppBackgroundModifier.swift */ = {isa = PBXFileReference; lastKnownFileType = sourcecode.swift; path = AppBackgroundModifier.swift; sourceTree = "<group>"; };
		1C35F13B2F5898FE005FDBCD /* StatisticsView.swift */ = {isa = PBXFileReference; lastKnownFileType = sourcecode.swift; path = StatisticsView.swift; sourceTree = "<group>"; };
		1C35F13D2F58991B005FDBCD /* SettingsView.swift */ = {isa = PBXFileReference; lastKnownFileType = sourcecode.swift; path = SettingsView.swift; sourceTree = "<group>"; };
		1C35F13F2F59E6CD005FDBCD /* ChatGPT Image 2 de mar. de 2026, 13_27_35.png */ = {isa = PBXFileReference; lastKnownFileType = image.png; path = "ChatGPT Image 2 de mar. de 2026, 13_27_35.png"; sourceTree = "<group>"; };
		5F5FF54E2F0DD5BD00193DFE /* Currency.swift */ = {isa = PBXFileReference; lastKnownFileType = sourcecode.swift; path = Currency.swift; sourceTree = "<group>"; };
		5F5FF5502F0DD5EA00193DFE /* BudgetProgressView.swift */ = {isa = PBXFileReference; lastKnownFileType = sourcecode.swift; path = BudgetProgressView.swift; sourceTree = "<group>"; };
		5F5FF5522F0DDFDA00193DFE /* EditPriceView.swift */ = {isa = PBXFileReference; lastKnownFileType = sourcecode.swift; path = EditPriceView.swift; sourceTree = "<group>"; };
		5F76FABB2EFB703700C3D85A /* Mercado simples.app */ = {isa = PBXFileReference; explicitFileType = wrapper.application; includeInIndex = 0; path = "Mercado simples.app"; sourceTree = BUILT_PRODUCTS_DIR; };
		5F76FABE2EFB703700C3D85A /* Buy_listApp.swift */ = {isa = PBXFileReference; lastKnownFileType = sourcecode.swift; path = Buy_listApp.swift; sourceTree = "<group>"; };
		5F76FAC02EFB703700C3D85A /* ContentView.swift */ = {isa = PBXFileReference; lastKnownFileType = sourcecode.swift; path = ContentView.swift; sourceTree = "<group>"; };
		5F76FAC22EFB703B00C3D85A /* Assets.xcassets */ = {isa = PBXFileReference; lastKnownFileType = folder.assetcatalog; path = Assets.xcassets; sourceTree = "<group>"; };
		5F76FAC52EFB703B00C3D85A /* Preview Assets.xcassets */ = {isa = PBXFileReference; lastKnownFileType = folder.assetcatalog; path = "Preview Assets.xcassets"; sourceTree = "<group>"; };
		5F76FAD22EFB71B000C3D85A /* ShoppingListViewModel.swift */ = {isa = PBXFileReference; lastKnownFileType = sourcecode.swift; path = ShoppingListViewModel.swift; sourceTree = "<group>"; };
		5F76FAD42EFB71D400C3D85A /* ShoppingList.swift */ = {isa = PBXFileReference; lastKnownFileType = sourcecode.swift; path = ShoppingList.swift; sourceTree = "<group>"; };
		5F76FAD62EFB71E200C3D85A /* Item.swift */ = {isa = PBXFileReference; lastKnownFileType = sourcecode.swift; path = Item.swift; sourceTree = "<group>"; };
		5F76FADD2EFB72EB00C3D85A /* HomeView.swift */ = {isa = PBXFileReference; lastKnownFileType = sourcecode.swift; path = HomeView.swift; sourceTree = "<group>"; };
		5F76FADF2EFB748800C3D85A /* NewListView.swift */ = {isa = PBXFileReference; lastKnownFileType = sourcecode.swift; path = NewListView.swift; sourceTree = "<group>"; };
		5F76FAE12EFB74A300C3D85A /* AddItemView.swift */ = {isa = PBXFileReference; lastKnownFileType = sourcecode.swift; path = AddItemView.swift; sourceTree = "<group>"; };
		5F76FAE32EFB74B800C3D85A /* FinalizeListView.swift */ = {isa = PBXFileReference; lastKnownFileType = sourcecode.swift; path = FinalizeListView.swift; sourceTree = "<group>"; };
		5F76FAE52EFB74CB00C3D85A /* ListDetailView.swift */ = {isa = PBXFileReference; lastKnownFileType = sourcecode.swift; path = ListDetailView.swift; sourceTree = "<group>"; };
		5FBE017C2F0EFD8200FD4801 /* StorageManager.swift */ = {isa = PBXFileReference; lastKnownFileType = sourcecode.swift; path = StorageManager.swift; sourceTree = "<group>"; };
/* End PBXFileReference section */

/* Begin PBXFrameworksBuildPhase section */
		5F76FAB82EFB703700C3D85A /* Frameworks */ = {
			isa = PBXFrameworksBuildPhase;
			buildActionMask = 2147483647;
			files = (
			);
			runOnlyForDeploymentPostprocessing = 0;
		};
/* End PBXFrameworksBuildPhase section */

/* Begin PBXGroup section */
		5F76FAB22EFB703700C3D85A = {
			isa = PBXGroup;
			children = (
				5F76FABD2EFB703700C3D85A /* Buy list */,
				5F76FABC2EFB703700C3D85A /* Products */,
			);
			sourceTree = "<group>";
		};
		5F76FABC2EFB703700C3D85A /* Products */ = {
			isa = PBXGroup;
			children = (
				5F76FABB2EFB703700C3D85A /* Mercado simples.app */,
			);
			name = Products;
			sourceTree = "<group>";
		};
		5F76FABD2EFB703700C3D85A /* Buy list */ = {
			isa = PBXGroup;
			children = (
				5F76FAD12EFB70BA00C3D85A /* Extencions */,
				5F76FAD02EFB70A400C3D85A /* Components */,
				5F76FACF2EFB708800C3D85A /* Service */,
				5F76FACE2EFB708000C3D85A /* Views */,
				5F76FACD2EFB706B00C3D85A /* ViewModels */,
				5F76FACC2EFB705400C3D85A /* Models */,
				5F76FABE2EFB703700C3D85A /* Buy_listApp.swift */,
				5F76FAC02EFB703700C3D85A /* ContentView.swift */,
				5F76FAC22EFB703B00C3D85A /* Assets.xcassets */,
				1C35F13F2F59E6CD005FDBCD /* ChatGPT Image 2 de mar. de 2026, 13_27_35.png */,
				5F76FAC42EFB703B00C3D85A /* Preview Content */,
			);
			path = "Buy list";
			sourceTree = "<group>";
		};
		5F76FAC42EFB703B00C3D85A /* Preview Content */ = {
			isa = PBXGroup;
			children = (
				5F76FAC52EFB703B00C3D85A /* Preview Assets.xcassets */,
			);
			path = "Preview Content";
			sourceTree = "<group>";
		};
		5F76FACC2EFB705400C3D85A /* Models */ = {
			isa = PBXGroup;
			children = (
				5F76FAD42EFB71D400C3D85A /* ShoppingList.swift */,
				5F76FAD62EFB71E200C3D85A /* Item.swift */,
			);
			path = Models;
			sourceTree = "<group>";
		};
		5F76FACD2EFB706B00C3D85A /* ViewModels */ = {
			isa = PBXGroup;
			children = (
				5F76FAD22EFB71B000C3D85A /* ShoppingListViewModel.swift */,
			);
			path = ViewModels;
			sourceTree = "<group>";
		};
		5F76FACE2EFB708000C3D85A /* Views */ = {
			isa = PBXGroup;
			children = (
				1C35F13D2F58991B005FDBCD /* SettingsView.swift */,
				1C35F13B2F5898FE005FDBCD /* StatisticsView.swift */,
				5F76FADC2EFB726900C3D85A /* Details */,
				5F76FADB2EFB725000C3D85A /* Finalize */,
				5F76FADA2EFB723F00C3D85A /* Item */,
				5F76FAD92EFB721300C3D85A /* NewList */,
				5F76FAD82EFB720200C3D85A /* Home */,
			);
			path = Views;
			sourceTree = "<group>";
		};
		5F76FACF2EFB708800C3D85A /* Service */ = {
			isa = PBXGroup;
			children = (
				5FBE017C2F0EFD8200FD4801 /* StorageManager.swift */,
			);
			path = Service;
			sourceTree = "<group>";
		};
		5F76FAD02EFB70A400C3D85A /* Components */ = {
			isa = PBXGroup;
			children = (
				5F5FF5502F0DD5EA00193DFE /* BudgetProgressView.swift */,
			);
			path = Components;
			sourceTree = "<group>";
		};
		5F76FAD12EFB70BA00C3D85A /* Extencions */ = {
			isa = PBXGroup;
			children = (
				5F5FF54E2F0DD5BD00193DFE /* Currency.swift */,
			);
			path = Extencions;
			sourceTree = "<group>";
		};
		5F76FAD82EFB720200C3D85A /* Home */ = {
			isa = PBXGroup;
			children = (
				5F76FADD2EFB72EB00C3D85A /* HomeView.swift */,
				1C35F1392F55F2AE005FDBCD /* AppBackgroundModifier.swift */,
			);
			path = Home;
			sourceTree = "<group>";
		};
		5F76FAD92EFB721300C3D85A /* NewList */ = {
			isa = PBXGroup;
			children = (
				5F76FADF2EFB748800C3D85A /* NewListView.swift */,
			);
			path = NewList;
			sourceTree = "<group>";
		};
		5F76FADA2EFB723F00C3D85A /* Item */ = {
			isa = PBXGroup;
			children = (
				5F76FAE12EFB74A300C3D85A /* AddItemView.swift */,
			);
			path = Item;
			sourceTree = "<group>";
		};
		5F76FADB2EFB725000C3D85A /* Finalize */ = {
			isa = PBXGroup;
			children = (
				5F76FAE32EFB74B800C3D85A /* FinalizeListView.swift */,
			);
			path = Finalize;
			sourceTree = "<group>";
		};
		5F76FADC2EFB726900C3D85A /* Details */ = {
			isa = PBXGroup;
			children = (
				5F76FAE52EFB74CB00C3D85A /* ListDetailView.swift */,
				5F5FF5522F0DDFDA00193DFE /* EditPriceView.swift */,
			);
			path = Details;
			sourceTree = "<group>";
		};
/* End PBXGroup section */

/* Begin PBXNativeTarget section */
		5F76FABA2EFB703700C3D85A /* Mercado simple - Saiba quanto antes de pagar */ = {
			isa = PBXNativeTarget;
			buildConfigurationList = 5F76FAC92EFB703B00C3D85A /* Build configuration list for PBXNativeTarget "Mercado simple - Saiba quanto antes de pagar" */;
			buildPhases = (
				5F76FAB72EFB703700C3D85A /* Sources */,
				5F76FAB82EFB703700C3D85A /* Frameworks */,
				5F76FAB92EFB703700C3D85A /* Resources */,
			);
			buildRules = (
			);
			dependencies = (
			);
			name = "Mercado simple - Saiba quanto antes de pagar";
			productName = "Mercado simples";
			productReference = 5F76FABB2EFB703700C3D85A /* Mercado simples.app */;
			productType = "com.apple.product-type.application";
		};
/* End PBXNativeTarget section */

/* Begin PBXProject section */
		5F76FAB32EFB703700C3D85A /* Project object */ = {
			isa = PBXProject;
			attributes = {
				BuildIndependentTargetsInParallel = 1;
				LastSwiftUpdateCheck = 1520;
				LastUpgradeCheck = 1520;
				TargetAttributes = {
					5F76FABA2EFB703700C3D85A = {
						CreatedOnToolsVersion = 15.2;
					};
				};
			};
			buildConfigurationList = 5F76FAB62EFB703700C3D85A /* Build configuration list for PBXProject "Buy list" */;
			compatibilityVersion = "Xcode 14.0";
			developmentRegion = en;
			hasScannedForEncodings = 0;
			knownRegions = (
				en,
				Base,
			);
			mainGroup = 5F76FAB22EFB703700C3D85A;
			productRefGroup = 5F76FABC2EFB703700C3D85A /* Products */;
			projectDirPath = "";
			projectRoot = "";
			targets = (
				5F76FABA2EFB703700C3D85A /* Mercado simple - Saiba quanto antes de pagar */,
			);
		};
/* End PBXProject section */

/* Begin PBXResourcesBuildPhase section */
		5F76FAB92EFB703700C3D85A /* Resources */ = {
			isa = PBXResourcesBuildPhase;
			buildActionMask = 2147483647;
			files = (
				1C35F1402F59E6CD005FDBCD /* ChatGPT Image 2 de mar. de 2026, 13_27_35.png in Resources */,
				5F76FAC62EFB703B00C3D85A /* Preview Assets.xcassets in Resources */,
				5F76FAC32EFB703B00C3D85A /* Assets.xcassets in Resources */,
			);
			runOnlyForDeploymentPostprocessing = 0;
		};
/* End PBXResourcesBuildPhase section */

/* Begin PBXSourcesBuildPhase section */
		5F76FAB72EFB703700C3D85A /* Sources */ = {
			isa = PBXSourcesBuildPhase;
			buildActionMask = 2147483647;
			files = (
				5F76FAC12EFB703700C3D85A /* ContentView.swift in Sources */,
				5F76FAD52EFB71D400C3D85A /* ShoppingList.swift in Sources */,
				5F76FAD72EFB71E200C3D85A /* Item.swift in Sources */,
				5FBE017D2F0EFD8200FD4801 /* StorageManager.swift in Sources */,
				5F76FAE22EFB74A300C3D85A /* AddItemView.swift in Sources */,
				1C35F13E2F58991B005FDBCD /* SettingsView.swift in Sources */,
				1C35F13C2F5898FE005FDBCD /* StatisticsView.swift in Sources */,
				1C35F13A2F55F2AE005FDBCD /* AppBackgroundModifier.swift in Sources */,
				5F76FAE42EFB74B800C3D85A /* FinalizeListView.swift in Sources */,
				5F76FADE2EFB72EB00C3D85A /* HomeView.swift in Sources */,
				5F5FF5512F0DD5EA00193DFE /* BudgetProgressView.swift in Sources */,
				5F5FF54F2F0DD5BD00193DFE /* Currency.swift in Sources */,
				5F76FAD32EFB71B000C3D85A /* ShoppingListViewModel.swift in Sources */,
				5F5FF5532F0DDFDA00193DFE /* EditPriceView.swift in Sources */,
				5F76FAE62EFB74CB00C3D85A /* ListDetailView.swift in Sources */,
				5F76FABF2EFB703700C3D85A /* Buy_listApp.swift in Sources */,
				5F76FAE02EFB748800C3D85A /* NewListView.swift in Sources */,
			);
			runOnlyForDeploymentPostprocessing = 0;
		};
/* End PBXSourcesBuildPhase section */

/* Begin XCBuildConfiguration section */
		5F76FAC72EFB703B00C3D85A /* Debug */ = {
			isa = XCBuildConfiguration;
			buildSettings = {
				ALWAYS_SEARCH_USER_PATHS = NO;
				ASSETCATALOG_COMPILER_GENERATE_SWIFT_ASSET_SYMBOL_EXTENSIONS = YES;
				CLANG_ANALYZER_NONNULL = YES;
				CLANG_ANALYZER_NUMBER_OBJECT_CONVERSION = YES_AGGRESSIVE;
				CLANG_CXX_LANGUAGE_STANDARD = "gnu++20";
				CLANG_ENABLE_MODULES = YES;
				CLANG_ENABLE_OBJC_ARC = YES;
				CLANG_ENABLE_OBJC_WEAK = YES;
				CLANG_WARN_BLOCK_CAPTURE_AUTORELEASING = YES;
				CLANG_WARN_BOOL_CONVERSION = YES;
				CLANG_WARN_COMMA = YES;
				CLANG_WARN_CONSTANT_CONVERSION = YES;
				CLANG_WARN_DEPRECATED_OBJC_IMPLEMENTATIONS = YES;
				CLANG_WARN_DIRECT_OBJC_ISA_USAGE = YES_ERROR;
				CLANG_WARN_DOCUMENTATION_COMMENTS = YES;
				CLANG_WARN_EMPTY_BODY = YES;
				CLANG_WARN_ENUM_CONVERSION = YES;
				CLANG_WARN_INFINITE_RECURSION = YES;
				CLANG_WARN_INT_CONVERSION = YES;
				CLANG_WARN_NON_LITERAL_NULL_CONVERSION = YES;
				CLANG_WARN_OBJC_IMPLICIT_RETAIN_SELF = YES;
				CLANG_WARN_OBJC_LITERAL_CONVERSION = YES;
				CLANG_WARN_OBJC_ROOT_CLASS = YES_ERROR;
				CLANG_WARN_QUOTED_INCLUDE_IN_FRAMEWORK_HEADER = YES;
				CLANG_WARN_RANGE_LOOP_ANALYSIS = YES;
				CLANG_WARN_STRICT_PROTOTYPES = YES;
				CLANG_WARN_SUSPICIOUS_MOVE = YES;
				CLANG_WARN_UNGUARDED_AVAILABILITY = YES_AGGRESSIVE;
				CLANG_WARN_UNREACHABLE_CODE = YES;
				CLANG_WARN__DUPLICATE_METHOD_MATCH = YES;
				COPY_PHASE_STRIP = NO;
				DEBUG_INFORMATION_FORMAT = dwarf;
				ENABLE_STRICT_OBJC_MSGSEND = YES;
				ENABLE_TESTABILITY = YES;
				ENABLE_USER_SCRIPT_SANDBOXING = YES;
				GCC_C_LANGUAGE_STANDARD = gnu17;
				GCC_DYNAMIC_NO_PIC = NO;
				GCC_NO_COMMON_BLOCKS = YES;
				GCC_OPTIMIZATION_LEVEL = 0;
				GCC_PREPROCESSOR_DEFINITIONS = (
					"DEBUG=1",
					"$(inherited)",
				);
				GCC_WARN_64_TO_32_BIT_CONVERSION = YES;
				GCC_WARN_ABOUT_RETURN_TYPE = YES_ERROR;
				GCC_WARN_UNDECLARED_SELECTOR = YES;
				GCC_WARN_UNINITIALIZED_AUTOS = YES_AGGRESSIVE;
				GCC_WARN_UNUSED_FUNCTION = YES;
				GCC_WARN_UNUSED_VARIABLE = YES;
				IPHONEOS_DEPLOYMENT_TARGET = 17.2;
				LOCALIZATION_PREFERS_STRING_CATALOGS = YES;
				MTL_ENABLE_DEBUG_INFO = INCLUDE_SOURCE;
				MTL_FAST_MATH = YES;
				ONLY_ACTIVE_ARCH = YES;
				SDKROOT = iphoneos;
				SWIFT_ACTIVE_COMPILATION_CONDITIONS = "DEBUG $(inherited)";
				SWIFT_OPTIMIZATION_LEVEL = "-Onone";
			};
			name = Debug;
		};
		5F76FAC82EFB703B00C3D85A /* Release */ = {
			isa = XCBuildConfiguration;
			buildSettings = {
				ALWAYS_SEARCH_USER_PATHS = NO;
				ASSETCATALOG_COMPILER_GENERATE_SWIFT_ASSET_SYMBOL_EXTENSIONS = YES;
				CLANG_ANALYZER_NONNULL = YES;
				CLANG_ANALYZER_NUMBER_OBJECT_CONVERSION = YES_AGGRESSIVE;
				CLANG_CXX_LANGUAGE_STANDARD = "gnu++20";
				CLANG_ENABLE_MODULES = YES;
				CLANG_ENABLE_OBJC_ARC = YES;
				CLANG_ENABLE_OBJC_WEAK = YES;
				CLANG_WARN_BLOCK_CAPTURE_AUTORELEASING = YES;
				CLANG_WARN_BOOL_CONVERSION = YES;
				CLANG_WARN_COMMA = YES;
				CLANG_WARN_CONSTANT_CONVERSION = YES;
				CLANG_WARN_DEPRECATED_OBJC_IMPLEMENTATIONS = YES;
				CLANG_WARN_DIRECT_OBJC_ISA_USAGE = YES_ERROR;
				CLANG_WARN_DOCUMENTATION_COMMENTS = YES;
				CLANG_WARN_EMPTY_BODY = YES;
				CLANG_WARN_ENUM_CONVERSION = YES;
				CLANG_WARN_INFINITE_RECURSION = YES;
				CLANG_WARN_INT_CONVERSION = YES;
				CLANG_WARN_NON_LITERAL_NULL_CONVERSION = YES;
				CLANG_WARN_OBJC_IMPLICIT_RETAIN_SELF = YES;
				CLANG_WARN_OBJC_LITERAL_CONVERSION = YES;
				CLANG_WARN_OBJC_ROOT_CLASS = YES_ERROR;
				CLANG_WARN_QUOTED_INCLUDE_IN_FRAMEWORK_HEADER = YES;
				CLANG_WARN_RANGE_LOOP_ANALYSIS = YES;
				CLANG_WARN_STRICT_PROTOTYPES = YES;
				CLANG_WARN_SUSPICIOUS_MOVE = YES;
				CLANG_WARN_UNGUARDED_AVAILABILITY = YES_AGGRESSIVE;
				CLANG_WARN_UNREACHABLE_CODE = YES;
				CLANG_WARN__DUPLICATE_METHOD_MATCH = YES;
				COPY_PHASE_STRIP = NO;
				DEBUG_INFORMATION_FORMAT = "dwarf-with-dsym";
				ENABLE_NS_ASSERTIONS = NO;
				ENABLE_STRICT_OBJC_MSGSEND = YES;
				ENABLE_USER_SCRIPT_SANDBOXING = YES;
				GCC_C_LANGUAGE_STANDARD = gnu17;
				GCC_NO_COMMON_BLOCKS = YES;
				GCC_WARN_64_TO_32_BIT_CONVERSION = YES;
				GCC_WARN_ABOUT_RETURN_TYPE = YES_ERROR;
				GCC_WARN_UNDECLARED_SELECTOR = YES;
				GCC_WARN_UNINITIALIZED_AUTOS = YES_AGGRESSIVE;
				GCC_WARN_UNUSED_FUNCTION = YES;
				GCC_WARN_UNUSED_VARIABLE = YES;
				IPHONEOS_DEPLOYMENT_TARGET = 17.2;
				LOCALIZATION_PREFERS_STRING_CATALOGS = YES;
				MTL_ENABLE_DEBUG_INFO = NO;
				MTL_FAST_MATH = YES;
				SDKROOT = iphoneos;
				SWIFT_COMPILATION_MODE = wholemodule;
				VALIDATE_PRODUCT = YES;
			};
			name = Release;
		};
		5F76FACA2EFB703B00C3D85A /* Debug */ = {
			isa = XCBuildConfiguration;
			buildSettings = {
				ASSETCATALOG_COMPILER_APPICON_NAME = AppIcon;
				ASSETCATALOG_COMPILER_GLOBAL_ACCENT_COLOR_NAME = AccentColor;
				CODE_SIGN_IDENTITY = "Apple Development";
				CODE_SIGN_STYLE = Automatic;
				CURRENT_PROJECT_VERSION = 1;
				DEVELOPMENT_ASSET_PATHS = "\"Buy list/Preview Content\"";
				DEVELOPMENT_TEAM = 8PJXZ54783;
				ENABLE_PREVIEWS = YES;
				GENERATE_INFOPLIST_FILE = YES;
				INFOPLIST_KEY_CFBundleDisplayName = "Mercado simple - Saiba quanto antes de pagar";
				INFOPLIST_KEY_LSApplicationCategoryType = "public.app-category.business";
				INFOPLIST_KEY_UIApplicationSceneManifest_Generation = YES;
				INFOPLIST_KEY_UIApplicationSupportsIndirectInputEvents = YES;
				INFOPLIST_KEY_UILaunchScreen_Generation = YES;
				INFOPLIST_KEY_UISupportedInterfaceOrientations_iPad = "UIInterfaceOrientationPortrait UIInterfaceOrientationPortraitUpsideDown UIInterfaceOrientationLandscapeLeft UIInterfaceOrientationLandscapeRight";
				INFOPLIST_KEY_UISupportedInterfaceOrientations_iPhone = "UIInterfaceOrientationPortrait UIInterfaceOrientationLandscapeLeft UIInterfaceOrientationLandscapeRight";
				LD_RUNPATH_SEARCH_PATHS = (
					"$(inherited)",
					"@executable_path/Frameworks",
				);
				MARKETING_VERSION = 1.0;
				PRODUCT_BUNDLE_IDENTIFIER = app.lorran.com;
				PRODUCT_NAME = "Mercado simples";
				PROVISIONING_PROFILE_SPECIFIER = "";
				SWIFT_EMIT_LOC_STRINGS = YES;
				SWIFT_VERSION = 5.0;
				TARGETED_DEVICE_FAMILY = "1,2";
			};
			name = Debug;
		};
		5F76FACB2EFB703B00C3D85A /* Release */ = {
			isa = XCBuildConfiguration;
			buildSettings = {
				ASSETCATALOG_COMPILER_APPICON_NAME = AppIcon;
				ASSETCATALOG_COMPILER_GLOBAL_ACCENT_COLOR_NAME = AccentColor;
				CODE_SIGN_IDENTITY = "Apple Development";
				CODE_SIGN_STYLE = Automatic;
				CURRENT_PROJECT_VERSION = 1;
				DEVELOPMENT_ASSET_PATHS = "\"Buy list/Preview Content\"";
				DEVELOPMENT_TEAM = 8PJXZ54783;
				ENABLE_PREVIEWS = YES;
				GENERATE_INFOPLIST_FILE = YES;
				INFOPLIST_KEY_CFBundleDisplayName = "Mercado simple - Saiba quanto antes de pagar";
				INFOPLIST_KEY_LSApplicationCategoryType = "public.app-category.business";
				INFOPLIST_KEY_UIApplicationSceneManifest_Generation = YES;
				INFOPLIST_KEY_UIApplicationSupportsIndirectInputEvents = YES;
				INFOPLIST_KEY_UILaunchScreen_Generation = YES;
				INFOPLIST_KEY_UISupportedInterfaceOrientations_iPad = "UIInterfaceOrientationPortrait UIInterfaceOrientationPortraitUpsideDown UIInterfaceOrientationLandscapeLeft UIInterfaceOrientationLandscapeRight";
				INFOPLIST_KEY_UISupportedInterfaceOrientations_iPhone = "UIInterfaceOrientationPortrait UIInterfaceOrientationLandscapeLeft UIInterfaceOrientationLandscapeRight";
				LD_RUNPATH_SEARCH_PATHS = (
					"$(inherited)",
					"@executable_path/Frameworks",
				);
				MARKETING_VERSION = 1.0;
				PRODUCT_BUNDLE_IDENTIFIER = app.lorran.com;
				PRODUCT_NAME = "Mercado simples";
				PROVISIONING_PROFILE_SPECIFIER = "";
				SWIFT_EMIT_LOC_STRINGS = YES;
				SWIFT_VERSION = 5.0;
				TARGETED_DEVICE_FAMILY = "1,2";
			};
			name = Release;
		};
/* End XCBuildConfiguration section */

/* Begin XCConfigurationList section */
		5F76FAB62EFB703700C3D85A /* Build configuration list for PBXProject "Buy list" */ = {
			isa = XCConfigurationList;
			buildConfigurations = (
				5F76FAC72EFB703B00C3D85A /* Debug */,
				5F76FAC82EFB703B00C3D85A /* Release */,
			);
			defaultConfigurationIsVisible = 0;
			defaultConfigurationName = Release;
		};
		5F76FAC92EFB703B00C3D85A /* Build configuration list for PBXNativeTarget "Mercado simple - Saiba quanto antes de pagar" */ = {
			isa = XCConfigurationList;
			buildConfigurations = (
				5F76FACA2EFB703B00C3D85A /* Debug */,
				5F76FACB2EFB703B00C3D85A /* Release */,
			);
			defaultConfigurationIsVisible = 0;
			defaultConfigurationName = Release;
		};
/* End XCConfigurationList section */
	};
	rootObject = 5F76FAB32EFB703700C3D85A /* Project object */;
}
